// !$*UTF8*$!
{
	archiveVersion = 1;
	classes = {
	};
	objectVersion = 46;
	objects = {

/* Begin PBXBuildFile section */
		790415641A1002F400BA19A7 /* AppDelegate.swift in Sources */ = {isa = PBXBuildFile; fileRef = 790415631A1002F400BA19A7 /* AppDelegate.swift */; };
		790415661A1002F400BA19A7 /* ViewController.swift in Sources */ = {isa = PBXBuildFile; fileRef = 790415651A1002F400BA19A7 /* ViewController.swift */; };
		790415691A1002F400BA19A7 /* Main.storyboard in Resources */ = {isa = PBXBuildFile; fileRef = 790415671A1002F400BA19A7 /* Main.storyboard */; };
		7904156B1A1002F400BA19A7 /* Images.xcassets in Resources */ = {isa = PBXBuildFile; fileRef = 7904156A1A1002F400BA19A7 /* Images.xcassets */; };
		7904156E1A1002F400BA19A7 /* LaunchScreen.xib in Resources */ = {isa = PBXBuildFile; fileRef = 7904156C1A1002F400BA19A7 /* LaunchScreen.xib */; };
		7904157A1A1002F400BA19A7 /* U_ChatterTests.swift in Sources */ = {isa = PBXBuildFile; fileRef = 790415791A1002F400BA19A7 /* U_ChatterTests.swift */; };
/* End PBXBuildFile section */

/* Begin PBXContainerItemProxy section */
		790415741A1002F400BA19A7 /* PBXContainerItemProxy */ = {
			isa = PBXContainerItemProxy;
			containerPortal = 790415561A1002F400BA19A7 /* Project object */;
			proxyType = 1;
			remoteGlobalIDString = 7904155D1A1002F400BA19A7;
			remoteInfo = "U Chatter";
		};
/* End PBXContainerItemProxy section */

/* Begin PBXFileReference section */
		7904155E1A1002F400BA19A7 /* U Chatter.app */ = {isa = PBXFileReference; explicitFileType = wrapper.application; includeInIndex = 0; path = "U Chatter.app"; sourceTree = BUILT_PRODUCTS_DIR; };
		790415621A1002F400BA19A7 /* Info.plist */ = {isa = PBXFileReference; lastKnownFileType = text.plist.xml; path = Info.plist; sourceTree = "<group>"; };
		790415631A1002F400BA19A7 /* AppDelegate.swift */ = {isa = PBXFileReference; lastKnownFileType = sourcecode.swift; path = AppDelegate.swift; sourceTree = "<group>"; };
		790415651A1002F400BA19A7 /* ViewController.swift */ = {isa = PBXFileReference; lastKnownFileType = sourcecode.swift; path = ViewController.swift; sourceTree = "<group>"; };
		790415681A1002F400BA19A7 /* Base */ = {isa = PBXFileReference; lastKnownFileType = file.storyboard; name = Base; path = Base.lproj/Main.storyboard; sourceTree = "<group>"; };
		7904156A1A1002F400BA19A7 /* Images.xcassets */ = {isa = PBXFileReference; lastKnownFileType = folder.assetcatalog; path = Images.xcassets; sourceTree = "<group>"; };
		7904156D1A1002F400BA19A7 /* Base */ = {isa = PBXFileReference; lastKnownFileType = file.xib; name = Base; path = Base.lproj/LaunchScreen.xib; sourceTree = "<group>"; };
		790415731A1002F400BA19A7 /* U ChatterTests.xctest */ = {isa = PBXFileReference; explicitFileType = wrapper.cfbundle; includeInIndex = 0; path = "U ChatterTests.xctest"; sourceTree = BUILT_PRODUCTS_DIR; };
		790415781A1002F400BA19A7 /* Info.plist */ = {isa = PBXFileReference; lastKnownFileType = text.plist.xml; path = Info.plist; sourceTree = "<group>"; };
		790415791A1002F400BA19A7 /* U_ChatterTests.swift */ = {isa = PBXFileReference; lastKnownFileType = sourcecode.swift; path = U_ChatterTests.swift; sourceTree = "<group>"; };
/* End PBXFileReference section */

/* Begin PBXFrameworksBuildPhase section */
		7904155B1A1002F400BA19A7 /* Frameworks */ = {
			isa = PBXFrameworksBuildPhase;
			buildActionMask = 2147483647;
			files = (
			);
			runOnlyForDeploymentPostprocessing = 0;
		};
		790415701A1002F400BA19A7 /* Frameworks */ = {
			isa = PBXFrameworksBuildPhase;
			buildActionMask = 2147483647;
			files = (
			);
			runOnlyForDeploymentPostprocessing = 0;
		};
/* End PBXFrameworksBuildPhase section */

/* Begin PBXGroup section */
		790415551A1002F400BA19A7 = {
			isa = PBXGroup;
			children = (
				790415601A1002F400BA19A7 /* U Chatter */,
				790415761A1002F400BA19A7 /* U ChatterTests */,
				7904155F1A1002F400BA19A7 /* Products */,
			);
			sourceTree = "<group>";
		};
		7904155F1A1002F400BA19A7 /* Products */ = {
			isa = PBXGroup;
			children = (
				7904155E1A1002F400BA19A7 /* U Chatter.app */,
				790415731A1002F400BA19A7 /* U ChatterTests.xctest */,
			);
			name = Products;
			sourceTree = "<group>";
		};
		790415601A1002F400BA19A7 /* U Chatter */ = {
			isa = PBXGroup;
			children = (
				790415631A1002F400BA19A7 /* AppDelegate.swift */,
				790415651A1002F400BA19A7 /* ViewController.swift */,
				790415671A1002F400BA19A7 /* Main.storyboard */,
				7904156A1A1002F400BA19A7 /* Images.xcassets */,
				7904156C1A1002F400BA19A7 /* LaunchScreen.xib */,
				790415611A1002F400BA19A7 /* Supporting Files */,
			);
			path = "U Chatter";
			sourceTree = "<group>";
		};
		790415611A1002F400BA19A7 /* Supporting Files */ = {
			isa = PBXGroup;
			children = (
				790415621A1002F400BA19A7 /* Info.plist */,
			);
			name = "Supporting Files";
			sourceTree = "<group>";
		};
		790415761A1002F400BA19A7 /* U ChatterTests */ = {
			isa = PBXGroup;
			children = (
				790415791A1002F400BA19A7 /* U_ChatterTests.swift */,
				790415771A1002F400BA19A7 /* Supporting Files */,
			);
			path = "U ChatterTests";
			sourceTree = "<group>";
		};
		790415771A1002F400BA19A7 /* Supporting Files */ = {
			isa = PBXGroup;
			children = (
				790415781A1002F400BA19A7 /* Info.plist */,
			);
			name = "Supporting Files";
			sourceTree = "<group>";
		};
/* End PBXGroup section */

/* Begin PBXNativeTarget section */
		7904155D1A1002F400BA19A7 /* U Chatter */ = {
			isa = PBXNativeTarget;
			buildConfigurationList = 7904157D1A1002F400BA19A7 /* Build configuration list for PBXNativeTarget "U Chatter" */;
			buildPhases = (
				7904155A1A1002F400BA19A7 /* Sources */,
				7904155B1A1002F400BA19A7 /* Frameworks */,
				7904155C1A1002F400BA19A7 /* Resources */,
			);
			buildRules = (
			);
			dependencies = (
			);
			name = "U Chatter";
			productName = "U Chatter";
			productReference = 7904155E1A1002F400BA19A7 /* U Chatter.app */;
			productType = "com.apple.product-type.application";
		};
		790415721A1002F400BA19A7 /* U ChatterTests */ = {
			isa = PBXNativeTarget;
			buildConfigurationList = 790415801A1002F400BA19A7 /* Build configuration list for PBXNativeTarget "U ChatterTests" */;
			buildPhases = (
				7904156F1A1002F400BA19A7 /* Sources */,
				790415701A1002F400BA19A7 /* Frameworks */,
				790415711A1002F400BA19A7 /* Resources */,
			);
			buildRules = (
			);
			dependencies = (
				790415751A1002F400BA19A7 /* PBXTargetDependency */,
			);
			name = "U ChatterTests";
			productName = "U ChatterTests";
			productReference = 790415731A1002F400BA19A7 /* U ChatterTests.xctest */;
			productType = "com.apple.product-type.bundle.unit-test";
		};
/* End PBXNativeTarget section */

/* Begin PBXProject section */
		790415561A1002F400BA19A7 /* Project object */ = {
			isa = PBXProject;
			attributes = {
				LastUpgradeCheck = 0610;
				ORGANIZATIONNAME = harrisonmcguire;
				TargetAttributes = {
					7904155D1A1002F400BA19A7 = {
						CreatedOnToolsVersion = 6.1;
					};
					790415721A1002F400BA19A7 = {
						CreatedOnToolsVersion = 6.1;
						TestTargetID = 7904155D1A1002F400BA19A7;
					};
				};
			};
			buildConfigurationList = 790415591A1002F400BA19A7 /* Build configuration list for PBXProject "U Chatter" */;
			compatibilityVersion = "Xcode 3.2";
			developmentRegion = English;
			hasScannedForEncodings = 0;
			knownRegions = (
				en,
				Base,
			);
			mainGroup = 790415551A1002F400BA19A7;
			productRefGroup = 7904155F1A1002F400BA19A7 /* Products */;
			projectDirPath = "";
			projectRoot = "";
			targets = (
				7904155D1A1002F400BA19A7 /* U Chatter */,
				790415721A1002F400BA19A7 /* U ChatterTests */,
			);
		};
/* End PBXProject section */

/* Begin PBXResourcesBuildPhase section */
		7904155C1A1002F400BA19A7 /* Resources */ = {
			isa = PBXResourcesBuildPhase;
			buildActionMask = 2147483647;
			files = (
				790415691A1002F400BA19A7 /* Main.storyboard in Resources */,
				7904156E1A1002F400BA19A7 /* LaunchScreen.xib in Resources */,
				7904156B1A1002F400BA19A7 /* Images.xcassets in Resources */,
			);
			runOnlyForDeploymentPostprocessing = 0;
		};
		790415711A1002F400BA19A7 /* Resources */ = {
			isa = PBXResourcesBuildPhase;
			buildActionMask = 2147483647;
			files = (
			);
			runOnlyForDeploymentPostprocessing = 0;
		};
/* End PBXResourcesBuildPhase section */

/* Begin PBXSourcesBuildPhase section */
		7904155A1A1002F400BA19A7 /* Sources */ = {
			isa = PBXSourcesBuildPhase;
			buildActionMask = 2147483647;
			files = (
				790415661A1002F400BA19A7 /* ViewController.swift in Sources */,
				790415641A1002F400BA19A7 /* AppDelegate.swift in Sources */,
			);
			runOnlyForDeploymentPostprocessing = 0;
		};
		7904156F1A1002F400BA19A7 /* Sources */ = {
			isa = PBXSourcesBuildPhase;
			buildActionMask = 2147483647;
			files = (
				7904157A1A1002F400BA19A7 /* U_ChatterTests.swift in Sources */,
			);
			runOnlyForDeploymentPostprocessing = 0;
		};
/* End PBXSourcesBuildPhase section */

/* Begin PBXTargetDependency section */
		790415751A1002F400BA19A7 /* PBXTargetDependency */ = {
			isa = PBXTargetDependency;
			target = 7904155D1A1002F400BA19A7 /* U Chatter */;
			targetProxy = 790415741A1002F400BA19A7 /* PBXContainerItemProxy */;
		};
/* End PBXTargetDependency section */

/* Begin PBXVariantGroup section */
		790415671A1002F400BA19A7 /* Main.storyboard */ = {
			isa = PBXVariantGroup;
			children = (
				790415681A1002F400BA19A7 /* Base */,
			);
			name = Main.storyboard;
			sourceTree = "<group>";
		};
		7904156C1A1002F400BA19A7 /* LaunchScreen.xib */ = {
			isa = PBXVariantGroup;
			children = (
				7904156D1A1002F400BA19A7 /* Base */,
			);
			name = LaunchScreen.xib;
			sourceTree = "<group>";
		};
/* End PBXVariantGroup section */

/* Begin XCBuildConfiguration section */
		7904157B1A1002F400BA19A7 /* Debug */ = {
			isa = XCBuildConfiguration;
			buildSettings = {
				ALWAYS_SEARCH_USER_PATHS = NO;
				CLANG_CXX_LANGUAGE_STANDARD = "gnu++0x";
				CLANG_CXX_LIBRARY = "libc++";
				CLANG_ENABLE_MODULES = YES;
				CLANG_ENABLE_OBJC_ARC = YES;
				CLANG_WARN_BOOL_CONVERSION = YES;
				CLANG_WARN_CONSTANT_CONVERSION = YES;
				CLANG_WARN_DIRECT_OBJC_ISA_USAGE = YES_ERROR;
				CLANG_WARN_EMPTY_BODY = YES;
				CLANG_WARN_ENUM_CONVERSION = YES;
				CLANG_WARN_INT_CONVERSION = YES;
				CLANG_WARN_OBJC_ROOT_CLASS = YES_ERROR;
				CLANG_WARN_UNREACHABLE_CODE = YES;
				CLANG_WARN__DUPLICATE_METHOD_MATCH = YES;
				"CODE_SIGN_IDENTITY[sdk=iphoneos*]" = "iPhone Developer";
				COPY_PHASE_STRIP = NO;
				ENABLE_STRICT_OBJC_MSGSEND = YES;
				GCC_C_LANGUAGE_STANDARD = gnu99;
				GCC_DYNAMIC_NO_PIC = NO;
				GCC_OPTIMIZATION_LEVEL = 0;
				GCC_PREPROCESSOR_DEFINITIONS = (
					"DEBUG=1",
					"$(inherited)",
				);
				GCC_SYMBOLS_PRIVATE_EXTERN = NO;
				GCC_WARN_64_TO_32_BIT_CONVERSION = YES;
				GCC_WARN_ABOUT_RETURN_TYPE = YES_ERROR;
				GCC_WARN_UNDECLARED_SELECTOR = YES;
				GCC_WARN_UNINITIALIZED_AUTOS = YES_AGGRESSIVE;
				GCC_WARN_UNUSED_FUNCTION = YES;
				GCC_WARN_UNUSED_VARIABLE = YES;
				IPHONEOS_DEPLOYMENT_TARGET = 8.1;
				MTL_ENABLE_DEBUG_INFO = YES;
				ONLY_ACTIVE_ARCH = YES;
				SDKROOT = iphoneos;
				SWIFT_OPTIMIZATION_LEVEL = "-Onone";
			};
			name = Debug;
		};
		7904157C1A1002F400BA19A7 /* Release */ = {
			isa = XCBuildConfiguration;
			buildSettings = {
				ALWAYS_SEARCH_USER_PATHS = NO;
				CLANG_CXX_LANGUAGE_STANDARD = "gnu++0x";
				CLANG_CXX_LIBRARY = "libc++";
				CLANG_ENABLE_MODULES = YES;
				CLANG_ENABLE_OBJC_ARC = YES;
				CLANG_WARN_BOOL_CONVERSION = YES;
				CLANG_WARN_CONSTANT_CONVERSION = YES;
				CLANG_WARN_DIRECT_OBJC_ISA_USAGE = YES_ERROR;
				CLANG_WARN_EMPTY_BODY = YES;
				CLANG_WARN_ENUM_CONVERSION = YES;
				CLANG_WARN_INT_CONVERSION = YES;
				CLANG_WARN_OBJC_ROOT_CLASS = YES_ERROR;
				CLANG_WARN_UNREACHABLE_CODE = YES;
				CLANG_WARN__DUPLICATE_METHOD_MATCH = YES;
				"CODE_SIGN_IDENTITY[sdk=iphoneos*]" = "iPhone Developer";
				COPY_PHASE_STRIP = YES;
				ENABLE_NS_ASSERTIONS = NO;
				ENABLE_STRICT_OBJC_MSGSEND = YES;
				GCC_C_LANGUAGE_STANDARD = gnu99;
				GCC_WARN_64_TO_32_BIT_CONVERSION = YES;
				GCC_WARN_ABOUT_RETURN_TYPE = YES_ERROR;
				GCC_WARN_UNDECLARED_SELECTOR = YES;
				GCC_WARN_UNINITIALIZED_AUTOS = YES_AGGRESSIVE;
				GCC_WARN_UNUSED_FUNCTION = YES;
				GCC_WARN_UNUSED_VARIABLE = YES;
				IPHONEOS_DEPLOYMENT_TARGET = 8.1;
				MTL_ENABLE_DEBUG_INFO = NO;
				SDKROOT = iphoneos;
				VALIDATE_PRODUCT = YES;
			};
			name = Release;
		};
		7904157E1A1002F400BA19A7 /* Debug */ = {
			isa = XCBuildConfiguration;
			buildSettings = {
				ASSETCATALOG_COMPILER_APPICON_NAME = AppIcon;
				INFOPLIST_FILE = "U Chatter/Info.plist";
				LD_RUNPATH_SEARCH_PATHS = "$(inherited) @executable_path/Frameworks";
				PRODUCT_NAME = "$(TARGET_NAME)";
			};
			name = Debug;
		};
		7904157F1A1002F400BA19A7 /* Release */ = {
			isa = XCBuildConfiguration;
			buildSettings = {
				ASSETCATALOG_COMPILER_APPICON_NAME = AppIcon;
				INFOPLIST_FILE = "U Chatter/Info.plist";
				LD_RUNPATH_SEARCH_PATHS = "$(inherited) @executable_path/Frameworks";
				PRODUCT_NAME = "$(TARGET_NAME)";
			};
			name = Release;
		};
		790415811A1002F400BA19A7 /* Debug */ = {
			isa = XCBuildConfiguration;
			buildSettings = {
				BUNDLE_LOADER = "$(TEST_HOST)";
				FRAMEWORK_SEARCH_PATHS = (
					"$(SDKROOT)/Developer/Library/Frameworks",
					"$(inherited)",
				);
				GCC_PREPROCESSOR_DEFINITIONS = (
					"DEBUG=1",
					"$(inherited)",
				);
				INFOPLIST_FILE = "U ChatterTests/Info.plist";
				LD_RUNPATH_SEARCH_PATHS = "$(inherited) @executable_path/Frameworks @loader_path/Frameworks";
				PRODUCT_NAME = "$(TARGET_NAME)";
				TEST_HOST = "$(BUILT_PRODUCTS_DIR)/U Chatter.app/U Chatter";
			};
			name = Debug;
		};
		790415821A1002F400BA19A7 /* Release */ = {
			isa = XCBuildConfiguration;
			buildSettings = {
				BUNDLE_LOADER = "$(TEST_HOST)";
				FRAMEWORK_SEARCH_PATHS = (
					"$(SDKROOT)/Developer/Library/Frameworks",
					"$(inherited)",
				);
				INFOPLIST_FILE = "U ChatterTests/Info.plist";
				LD_RUNPATH_SEARCH_PATHS = "$(inherited) @executable_path/Frameworks @loader_path/Frameworks";
				PRODUCT_NAME = "$(TARGET_NAME)";
				TEST_HOST = "$(BUILT_PRODUCTS_DIR)/U Chatter.app/U Chatter";
			};
			name = Release;
		};
/* End XCBuildConfiguration section */

/* Begin XCConfigurationList section */
		790415591A1002F400BA19A7 /* Build configuration list for PBXProject "U Chatter" */ = {
			isa = XCConfigurationList;
			buildConfigurations = (
				7904157B1A1002F400BA19A7 /* Debug */,
				7904157C1A1002F400BA19A7 /* Release */,
			);
			defaultConfigurationIsVisible = 0;
			defaultConfigurationName = Release;
		};
		7904157D1A1002F400BA19A7 /* Build configuration list for PBXNativeTarget "U Chatter" */ = {
			isa = XCConfigurationList;
			buildConfigurations = (
				7904157E1A1002F400BA19A7 /* Debug */,
				7904157F1A1002F400BA19A7 /* Release */,
			);
			defaultConfigurationIsVisible = 0;
		};
		790415801A1002F400BA19A7 /* Build configuration list for PBXNativeTarget "U ChatterTests" */ = {
			isa = XCConfigurationList;
			buildConfigurations = (
				790415811A1002F400BA19A7 /* Debug */,
				790415821A1002F400BA19A7 /* Release */,
			);
			defaultConfigurationIsVisible = 0;
		};
/* End XCConfigurationList section */
	};
	rootObject = 790415561A1002F400BA19A7 /* Project object */;
}
